
Microsoft Visual Studio Solution File, Format Version 12.00
# Visual Studio 2013
VisualStudioVersion = 12.0.30110.0
MinimumVisualStudioVersion = 10.0.40219.1
Project("{FAE04EC0-301F-11D3-BF4B-00C04F79EFBC}") = "YoctoStarter.Interfaces", "YoctoStarter.Interfaces\YoctoStarter.Interfaces.csproj", "{F23F3953-4234-4187-B07C-FA005B939A54}"
EndProject
Project("{FAE04EC0-301F-11D3-BF4B-00C04F79EFBC}") = "YoctoStarter.Logging.Log4Net", "YoctoStarter.Logging.Log4Net\YoctoStarter.Logging.Log4Net.csproj", "{7BED2DF8-3CC8-4B2B-93ED-50055F55FA90}"
EndProject
Project("{FAE04EC0-301F-11D3-BF4B-00C04F79EFBC}") = "YoctoStarter.Logging.NLog", "YoctoStarter.Logging.NLog\YoctoStarter.Logging.NLog.csproj", "{C38CD835-7F77-4796-9200-83542A86B2C0}"
EndProject
Global
	GlobalSection(SolutionConfigurationPlatforms) = preSolution
		Debug|Any CPU = Debug|Any CPU
		Release|Any CPU = Release|Any CPU
	EndGlobalSection
	GlobalSection(ProjectConfigurationPlatforms) = postSolution
		{F23F3953-4234-4187-B07C-FA005B939A54}.Debug|Any CPU.ActiveCfg = Debug|Any CPU
		{F23F3953-4234-4187-B07C-FA005B939A54}.Debug|Any CPU.Build.0 = Debug|Any CPU
		{F23F3953-4234-4187-B07C-FA005B939A54}.Release|Any CPU.ActiveCfg = Release|Any CPU
		{F23F3953-4234-4187-B07C-FA005B939A54}.Release|Any CPU.Build.0 = Release|Any CPU
		{7BED2DF8-3CC8-4B2B-93ED-50055F55FA90}.Debug|Any CPU.ActiveCfg = Debug|Any CPU
		{7BED2DF8-3CC8-4B2B-93ED-50055F55FA90}.Debug|Any CPU.Build.0 = Debug|Any CPU
		{7BED2DF8-3CC8-4B2B-93ED-50055F55FA90}.Release|Any CPU.ActiveCfg = Release|Any CPU
		{7BED2DF8-3CC8-4B2B-93ED-50055F55FA90}.Release|Any CPU.Build.0 = Release|Any CPU
		{C38CD835-7F77-4796-9200-83542A86B2C0}.Debug|Any CPU.ActiveCfg = Debug|Any CPU
		{C38CD835-7F77-4796-9200-83542A86B2C0}.Debug|Any CPU.Build.0 = Debug|Any CPU
		{C38CD835-7F77-4796-9200-83542A86B2C0}.Release|Any CPU.ActiveCfg = Release|Any CPU
		{C38CD835-7F77-4796-9200-83542A86B2C0}.Release|Any CPU.Build.0 = Release|Any CPU
	EndGlobalSection
	GlobalSection(SolutionProperties) = preSolution
		HideSolutionNode = FALSE
	EndGlobalSection
EndGlobal
